
Microsoft Visual Studio Solution File, Format Version 12.00
# Visual Studio Version 16
VisualStudioVersion = 16.0.31005.135
MinimumVisualStudioVersion = 10.0.40219.1
Project("{8BC9CEB8-8B4A-11D0-8D11-00A0C91BC942}") = "test", "test\test.vcxproj", "{4022DE37-B93C-42A6-971C-BD98E6223734}"
EndProject
Project("{8BC9CEB8-8B4A-11D0-8D11-00A0C91BC942}") = "authenticate", "authenticate\authenticate.vcxproj", "{A2C14B21-BDAC-41A4-B5FC-092068F6D157}"
EndProject
Project("{8BC9CEB8-8B4A-11D0-8D11-00A0C91BC942}") = "common", "common\common.vcxproj", "{64170EEB-079D-4693-891E-D3D643C6FEB9}"
EndProject
Project("{8BC9CEB8-8B4A-11D0-8D11-00A0C91BC942}") = "get-item", "get-item\get-item.vcxproj", "{DC80C27D-0BFC-4CA3-9E73-3E869EE09CFF}"
EndProject
Project("{8BC9CEB8-8B4A-11D0-8D11-00A0C91BC942}") = "new-item", "new-item\new-item.vcxproj", "{4ADD8678-FBA0-4FC3-8313-21BBEAB8D3FA}"
EndProject
Project("{8BC9CEB8-8B4A-11D0-8D11-00A0C91BC942}") = "update-item", "update-item\update-item.vcxproj", "{F02A3BCA-7C65-4630-892C-327C22D78F8A}"
EndProject
Project("{8BC9CEB8-8B4A-11D0-8D11-00A0C91BC942}") = "query-expression", "query-expression\query-expression.vcxproj", "{DEA41809-7033-45C5-ABBD-8B392892FE19}"
EndProject
Project("{8BC9CEB8-8B4A-11D0-8D11-00A0C91BC942}") = "delete-item", "delete-item\delete-item.vcxproj", "{F101574F-79B1-4500-8CFE-A54196B427DC}"
EndProject
Global
	GlobalSection(SolutionConfigurationPlatforms) = preSolution
		Debug|ARM = Debug|ARM
		Debug|ARM64 = Debug|ARM64
		Debug|x64 = Debug|x64
		Debug|x86 = Debug|x86
		Release|ARM = Release|ARM
		Release|ARM64 = Release|ARM64
		Release|x64 = Release|x64
		Release|x86 = Release|x86
	EndGlobalSection
	GlobalSection(ProjectConfigurationPlatforms) = postSolution
		{4022DE37-B93C-42A6-971C-BD98E6223734}.Debug|ARM.ActiveCfg = Debug|Win32
		{4022DE37-B93C-42A6-971C-BD98E6223734}.Debug|ARM64.ActiveCfg = Debug|Win32
		{4022DE37-B93C-42A6-971C-BD98E6223734}.Debug|x64.ActiveCfg = Debug|x64
		{4022DE37-B93C-42A6-971C-BD98E6223734}.Debug|x64.Build.0 = Debug|x64
		{4022DE37-B93C-42A6-971C-BD98E6223734}.Debug|x86.ActiveCfg = Debug|Win32
		{4022DE37-B93C-42A6-971C-BD98E6223734}.Debug|x86.Build.0 = Debug|Win32
		{4022DE37-B93C-42A6-971C-BD98E6223734}.Release|ARM.ActiveCfg = Release|Win32
		{4022DE37-B93C-42A6-971C-BD98E6223734}.Release|ARM64.ActiveCfg = Release|Win32
		{4022DE37-B93C-42A6-971C-BD98E6223734}.Release|x64.ActiveCfg = Release|x64
		{4022DE37-B93C-42A6-971C-BD98E6223734}.Release|x64.Build.0 = Release|x64
		{4022DE37-B93C-42A6-971C-BD98E6223734}.Release|x86.ActiveCfg = Release|Win32
		{4022DE37-B93C-42A6-971C-BD98E6223734}.Release|x86.Build.0 = Release|Win32
		{A2C14B21-BDAC-41A4-B5FC-092068F6D157}.Debug|ARM.ActiveCfg = Debug|Win32
		{A2C14B21-BDAC-41A4-B5FC-092068F6D157}.Debug|ARM64.ActiveCfg = Debug|Win32
		{A2C14B21-BDAC-41A4-B5FC-092068F6D157}.Debug|x64.ActiveCfg = Debug|x64
		{A2C14B21-BDAC-41A4-B5FC-092068F6D157}.Debug|x64.Build.0 = Debug|x64
		{A2C14B21-BDAC-41A4-B5FC-092068F6D157}.Debug|x86.ActiveCfg = Debug|Win32
		{A2C14B21-BDAC-41A4-B5FC-092068F6D157}.Debug|x86.Build.0 = Debug|Win32
		{A2C14B21-BDAC-41A4-B5FC-092068F6D157}.Release|ARM.ActiveCfg = Release|Win32
		{A2C14B21-BDAC-41A4-B5FC-092068F6D157}.Release|ARM64.ActiveCfg = Release|Win32
		{A2C14B21-BDAC-41A4-B5FC-092068F6D157}.Release|x64.ActiveCfg = Release|x64
		{A2C14B21-BDAC-41A4-B5FC-092068F6D157}.Release|x64.Build.0 = Release|x64
		{A2C14B21-BDAC-41A4-B5FC-092068F6D157}.Release|x86.ActiveCfg = Release|Win32
		{A2C14B21-BDAC-41A4-B5FC-092068F6D157}.Release|x86.Build.0 = Release|Win32
		{64170EEB-079D-4693-891E-D3D643C6FEB9}.Debug|ARM.ActiveCfg = Debug|Win32
		{64170EEB-079D-4693-891E-D3D643C6FEB9}.Debug|ARM64.ActiveCfg = Debug|Win32
		{64170EEB-079D-4693-891E-D3D643C6FEB9}.Debug|x64.ActiveCfg = Debug|x64
		{64170EEB-079D-4693-891E-D3D643C6FEB9}.Debug|x64.Build.0 = Debug|x64
		{64170EEB-079D-4693-891E-D3D643C6FEB9}.Debug|x86.ActiveCfg = Debug|Win32
		{64170EEB-079D-4693-891E-D3D643C6FEB9}.Debug|x86.Build.0 = Debug|Win32
		{64170EEB-079D-4693-891E-D3D643C6FEB9}.Release|ARM.ActiveCfg = Release|Win32
		{64170EEB-079D-4693-891E-D3D643C6FEB9}.Release|ARM64.ActiveCfg = Release|Win32
		{64170EEB-079D-4693-891E-D3D643C6FEB9}.Release|x64.ActiveCfg = Release|x64
		{64170EEB-079D-4693-891E-D3D643C6FEB9}.Release|x64.Build.0 = Release|x64
		{64170EEB-079D-4693-891E-D3D643C6FEB9}.Release|x86.ActiveCfg = Release|Win32
		{64170EEB-079D-4693-891E-D3D643C6FEB9}.Release|x86.Build.0 = Release|Win32
		{DC80C27D-0BFC-4CA3-9E73-3E869EE09CFF}.Debug|ARM.ActiveCfg = Debug|Win32
		{DC80C27D-0BFC-4CA3-9E73-3E869EE09CFF}.Debug|ARM64.ActiveCfg = Debug|Win32
		{DC80C27D-0BFC-4CA3-9E73-3E869EE09CFF}.Debug|x64.ActiveCfg = Debug|x64
		{DC80C27D-0BFC-4CA3-9E73-3E869EE09CFF}.Debug|x64.Build.0 = Debug|x64
		{DC80C27D-0BFC-4CA3-9E73-3E869EE09CFF}.Debug|x86.ActiveCfg = Debug|Win32
		{DC80C27D-0BFC-4CA3-9E73-3E869EE09CFF}.Debug|x86.Build.0 = Debug|Win32
		{DC80C27D-0BFC-4CA3-9E73-3E869EE09CFF}.Release|ARM.ActiveCfg = Release|Win32
		{DC80C27D-0BFC-4CA3-9E73-3E869EE09CFF}.Release|ARM64.ActiveCfg = Release|Win32
		{DC80C27D-0BFC-4CA3-9E73-3E869EE09CFF}.Release|x64.ActiveCfg = Release|x64
		{DC80C27D-0BFC-4CA3-9E73-3E869EE09CFF}.Release|x64.Build.0 = Release|x64
		{DC80C27D-0BFC-4CA3-9E73-3E869EE09CFF}.Release|x86.ActiveCfg = Release|Win32
		{DC80C27D-0BFC-4CA3-9E73-3E869EE09CFF}.Release|x86.Build.0 = Release|Win32
		{4ADD8678-FBA0-4FC3-8313-21BBEAB8D3FA}.Debug|ARM.ActiveCfg = Debug|Win32
		{4ADD8678-FBA0-4FC3-8313-21BBEAB8D3FA}.Debug|ARM64.ActiveCfg = Debug|Win32
		{4ADD8678-FBA0-4FC3-8313-21BBEAB8D3FA}.Debug|x64.ActiveCfg = Debug|x64
		{4ADD8678-FBA0-4FC3-8313-21BBEAB8D3FA}.Debug|x64.Build.0 = Debug|x64
		{4ADD8678-FBA0-4FC3-8313-21BBEAB8D3FA}.Debug|x86.ActiveCfg = Debug|Win32
		{4ADD8678-FBA0-4FC3-8313-21BBEAB8D3FA}.Debug|x86.Build.0 = Debug|Win32
		{4ADD8678-FBA0-4FC3-8313-21BBEAB8D3FA}.Release|ARM.ActiveCfg = Release|Win32
		{4ADD8678-FBA0-4FC3-8313-21BBEAB8D3FA}.Release|ARM64.ActiveCfg = Release|Win32
		{4ADD8678-FBA0-4FC3-8313-21BBEAB8D3FA}.Release|x64.ActiveCfg = Release|x64
		{4ADD8678-FBA0-4FC3-8313-21BBEAB8D3FA}.Release|x64.Build.0 = Release|x64
		{4ADD8678-FBA0-4FC3-8313-21BBEAB8D3FA}.Release|x86.ActiveCfg = Release|Win32
		{4ADD8678-FBA0-4FC3-8313-21BBEAB8D3FA}.Release|x86.Build.0 = Release|Win32
		{F02A3BCA-7C65-4630-892C-327C22D78F8A}.Debug|ARM.ActiveCfg = Debug|Win32
		{F02A3BCA-7C65-4630-892C-327C22D78F8A}.Debug|ARM64.ActiveCfg = Debug|Win32
		{F02A3BCA-7C65-4630-892C-327C22D78F8A}.Debug|x64.ActiveCfg = Debug|x64
		{F02A3BCA-7C65-4630-892C-327C22D78F8A}.Debug|x64.Build.0 = Debug|x64
		{F02A3BCA-7C65-4630-892C-327C22D78F8A}.Debug|x86.ActiveCfg = Debug|Win32
		{F02A3BCA-7C65-4630-892C-327C22D78F8A}.Debug|x86.Build.0 = Debug|Win32
		{F02A3BCA-7C65-4630-892C-327C22D78F8A}.Release|ARM.ActiveCfg = Release|Win32
		{F02A3BCA-7C65-4630-892C-327C22D78F8A}.Release|ARM64.ActiveCfg = Release|Win32
		{F02A3BCA-7C65-4630-892C-327C22D78F8A}.Release|x64.ActiveCfg = Release|x64
		{F02A3BCA-7C65-4630-892C-327C22D78F8A}.Release|x64.Build.0 = Release|x64
		{F02A3BCA-7C65-4630-892C-327C22D78F8A}.Release|x86.ActiveCfg = Release|Win32
		{F02A3BCA-7C65-4630-892C-327C22D78F8A}.Release|x86.Build.0 = Release|Win32
		{DEA41809-7033-45C5-ABBD-8B392892FE19}.Debug|ARM.ActiveCfg = Debug|Win32
		{DEA41809-7033-45C5-ABBD-8B392892FE19}.Debug|ARM64.ActiveCfg = Debug|Win32
		{DEA41809-7033-45C5-ABBD-8B392892FE19}.Debug|x64.ActiveCfg = Debug|x64
		{DEA41809-7033-45C5-ABBD-8B392892FE19}.Debug|x64.Build.0 = Debug|x64
		{DEA41809-7033-45C5-ABBD-8B392892FE19}.Debug|x86.ActiveCfg = Debug|Win32
		{DEA41809-7033-45C5-ABBD-8B392892FE19}.Debug|x86.Build.0 = Debug|Win32
		{DEA41809-7033-45C5-ABBD-8B392892FE19}.Release|ARM.ActiveCfg = Release|Win32
		{DEA41809-7033-45C5-ABBD-8B392892FE19}.Release|ARM64.ActiveCfg = Release|Win32
		{DEA41809-7033-45C5-ABBD-8B392892FE19}.Release|x64.ActiveCfg = Release|x64
		{DEA41809-7033-45C5-ABBD-8B392892FE19}.Release|x64.Build.0 = Release|x64
		{DEA41809-7033-45C5-ABBD-8B392892FE19}.Release|x86.ActiveCfg = Release|Win32
		{DEA41809-7033-45C5-ABBD-8B392892FE19}.Release|x86.Build.0 = Release|Win32
		{F101574F-79B1-4500-8CFE-A54196B427DC}.Debug|ARM.ActiveCfg = Debug|Win32
		{F101574F-79B1-4500-8CFE-A54196B427DC}.Debug|ARM64.ActiveCfg = Debug|Win32
		{F101574F-79B1-4500-8CFE-A54196B427DC}.Debug|x64.ActiveCfg = Debug|x64
		{F101574F-79B1-4500-8CFE-A54196B427DC}.Debug|x64.Build.0 = Debug|x64
		{F101574F-79B1-4500-8CFE-A54196B427DC}.Debug|x86.ActiveCfg = Debug|Win32
		{F101574F-79B1-4500-8CFE-A54196B427DC}.Debug|x86.Build.0 = Debug|Win32
		{F101574F-79B1-4500-8CFE-A54196B427DC}.Release|ARM.ActiveCfg = Release|Win32
		{F101574F-79B1-4500-8CFE-A54196B427DC}.Release|ARM64.ActiveCfg = Release|Win32
		{F101574F-79B1-4500-8CFE-A54196B427DC}.Release|x64.ActiveCfg = Release|x64
		{F101574F-79B1-4500-8CFE-A54196B427DC}.Release|x64.Build.0 = Release|x64
		{F101574F-79B1-4500-8CFE-A54196B427DC}.Release|x86.ActiveCfg = Release|Win32
		{F101574F-79B1-4500-8CFE-A54196B427DC}.Release|x86.Build.0 = Release|Win32
	EndGlobalSection
	GlobalSection(SolutionProperties) = preSolution
		HideSolutionNode = FALSE
	EndGlobalSection
	GlobalSection(ExtensibilityGlobals) = postSolution
		SolutionGuid = {4C4E8D4C-E58B-472D-8B18-56B46A8E0F25}
	EndGlobalSection
EndGlobal
